<?xml version="1.0" encoding="utf-8"?>
<Project ToolsVersion="4.0" xmlns="http://schemas.microsoft.com/developer/msbuild/2003">
  <ItemGroup>
    <Filter Include="Header Files">
      <UniqueIdentifier>{93995380-89BD-4b04-88EB-625FBE52EBFB}</UniqueIdentifier>
      <Extensions>h;hh;hpp;hxx;hm;inl;inc;xsd</Extensions>
    </Filter>
    <Filter Include="src">
      <UniqueIdentifier>{4FC737F1-C7A5-4376-A066-2A32D752A2FF}</UniqueIdentifier>
      <Extensions>cpp;c;cc;cxx;def;odl;idl;hpj;bat;asm;asmx</Extensions>
    </Filter>
  </ItemGroup>
  <ItemGroup>
    <ClCompile Include="affiche_gaussian.cpp">
      <Filter>src</Filter>
    </ClCompile>
    <ClCompile Include="main.cpp">
      <Filter>src</Filter>
    </ClCompile>
    <ClCompile Include="GaussianPricer.cpp">
      <Filter>src</Filter>
    </ClCompile>
    <ClCompile Include="MCPROJ_Tools.cpp">
      <Filter>src</Filter>
    </ClCompile>
    <ClCompile Include="Generators.cpp">
      <Filter>src</Filter>
    </ClCompile>
    <ClCompile Include="NIGPricer.cpp">
      <Filter>src</Filter>
    </ClCompile>
    <ClCompile Include="SteinPricer.cpp">
      <Filter>src</Filter>
    </ClCompile>
    <ClCompile Include="QMCGenerators.cpp">
      <Filter>src</Filter>
    </ClCompile>
    <ClCompile Include="Printing.cpp">
      <Filter>src</Filter>
    </ClCompile>
    <ClCompile Include="Newton.cpp">
      <Filter>src</Filter>
    </ClCompile>
  </ItemGroup>
  <ItemGroup>
    <ClInclude Include="inverse_function.h">
      <Filter>Header Files</Filter>
    </ClInclude>
    <ClInclude Include="zero_search.h">
      <Filter>Header Files</Filter>
    </ClInclude>
    <ClInclude Include="ziggurat.h">
      <Filter>Header Files</Filter>
    </ClInclude>
    <ClInclude Include="IPricer.h">
      <Filter>Header Files</Filter>
    </ClInclude>
    <ClInclude Include="GaussianPricer.h">
      <Filter>Header Files</Filter>
    </ClInclude>
    <ClInclude Include="MCPROJ_Tools.h">
      <Filter>Header Files</Filter>
    </ClInclude>
    <ClInclude Include="Monte_Carlo.h">
      <Filter>Header Files</Filter>
    </ClInclude>
    <ClInclude Include="Generators.h">
      <Filter>Header Files</Filter>
    </ClInclude>
    <ClInclude Include="NIGPricer.h">
      <Filter>Header Files</Filter>
    </ClInclude>
    <ClInclude Include="SteinPricer.h">
      <Filter>Header Files</Filter>
    </ClInclude>
    <ClInclude Include="QMCGenerators.h">
      <Filter>Header Files</Filter>
    </ClInclude>
    <ClInclude Include="Printing.h">
      <Filter>Header Files</Filter>
    </ClInclude>
    <ClInclude Include="Newton.h">
      <Filter>Header Files</Filter>
    </ClInclude>
  </ItemGroup>
</Project>